
Microsoft Visual Studio Solution File, Format Version 12.00
# Visual Studio Version 17
VisualStudioVersion = 17.14.36109.1
MinimumVisualStudioVersion = 10.0.40219.1
Project("{FAE04EC0-301F-11D3-BF4B-00C04F79EFBC}") = "Catalogo.Domain", "Catalogo.Domain\Catalogo.Domain.csproj", "{9E4B643A-CAB1-4D59-B7D5-29DC9451D853}"
EndProject
Project("{FAE04EC0-301F-11D3-BF4B-00C04F79EFBC}") = "Catalogo.Application", "Catalogo.Application\Catalogo.Application.csproj", "{3720A8B3-511E-4E64-BE2E-BCFEDBEEDA22}"
EndProject
Project("{FAE04EC0-301F-11D3-BF4B-00C04F79EFBC}") = "Catalogo.Infrastructure", "Catalogo.Infrastructure\Catalogo.Infrastructure.csproj", "{10F6FD5F-FE78-47DB-8A6A-74753518234E}"
EndProject
Project("{FAE04EC0-301F-11D3-BF4B-00C04F79EFBC}") = "Catalogo.CrossCutting", "Catalogo.CossCutting\Catalogo.CrossCutting.csproj", "{CBFBE1E6-83EA-4EDE-981C-0EEA6E4FDB38}"
EndProject
Project("{FAE04EC0-301F-11D3-BF4B-00C04F79EFBC}") = "Catalogo.API", "Catalogo.API\Catalogo.API.csproj", "{2207B860-D54F-40C5-97DD-85948A5A5FED}"
EndProject
Global
	GlobalSection(SolutionConfigurationPlatforms) = preSolution
		Debug|Any CPU = Debug|Any CPU
		Release|Any CPU = Release|Any CPU
	EndGlobalSection
	GlobalSection(ProjectConfigurationPlatforms) = postSolution
		{9E4B643A-CAB1-4D59-B7D5-29DC9451D853}.Debug|Any CPU.ActiveCfg = Debug|Any CPU
		{9E4B643A-CAB1-4D59-B7D5-29DC9451D853}.Debug|Any CPU.Build.0 = Debug|Any CPU
		{9E4B643A-CAB1-4D59-B7D5-29DC9451D853}.Release|Any CPU.ActiveCfg = Release|Any CPU
		{9E4B643A-CAB1-4D59-B7D5-29DC9451D853}.Release|Any CPU.Build.0 = Release|Any CPU
		{3720A8B3-511E-4E64-BE2E-BCFEDBEEDA22}.Debug|Any CPU.ActiveCfg = Debug|Any CPU
		{3720A8B3-511E-4E64-BE2E-BCFEDBEEDA22}.Debug|Any CPU.Build.0 = Debug|Any CPU
		{3720A8B3-511E-4E64-BE2E-BCFEDBEEDA22}.Release|Any CPU.ActiveCfg = Release|Any CPU
		{3720A8B3-511E-4E64-BE2E-BCFEDBEEDA22}.Release|Any CPU.Build.0 = Release|Any CPU
		{10F6FD5F-FE78-47DB-8A6A-74753518234E}.Debug|Any CPU.ActiveCfg = Debug|Any CPU
		{10F6FD5F-FE78-47DB-8A6A-74753518234E}.Debug|Any CPU.Build.0 = Debug|Any CPU
		{10F6FD5F-FE78-47DB-8A6A-74753518234E}.Release|Any CPU.ActiveCfg = Release|Any CPU
		{10F6FD5F-FE78-47DB-8A6A-74753518234E}.Release|Any CPU.Build.0 = Release|Any CPU
		{CBFBE1E6-83EA-4EDE-981C-0EEA6E4FDB38}.Debug|Any CPU.ActiveCfg = Debug|Any CPU
		{CBFBE1E6-83EA-4EDE-981C-0EEA6E4FDB38}.Debug|Any CPU.Build.0 = Debug|Any CPU
		{CBFBE1E6-83EA-4EDE-981C-0EEA6E4FDB38}.Release|Any CPU.ActiveCfg = Release|Any CPU
		{CBFBE1E6-83EA-4EDE-981C-0EEA6E4FDB38}.Release|Any CPU.Build.0 = Release|Any CPU
		{2207B860-D54F-40C5-97DD-85948A5A5FED}.Debug|Any CPU.ActiveCfg = Debug|Any CPU
		{2207B860-D54F-40C5-97DD-85948A5A5FED}.Debug|Any CPU.Build.0 = Debug|Any CPU
		{2207B860-D54F-40C5-97DD-85948A5A5FED}.Release|Any CPU.ActiveCfg = Release|Any CPU
		{2207B860-D54F-40C5-97DD-85948A5A5FED}.Release|Any CPU.Build.0 = Release|Any CPU
	EndGlobalSection
	GlobalSection(SolutionProperties) = preSolution
		HideSolutionNode = FALSE
	EndGlobalSection
	GlobalSection(ExtensibilityGlobals) = postSolution
		SolutionGuid = {CB81ED16-2E97-4F94-842E-5BB6E78F0CC3}
	EndGlobalSection
EndGlobal
